# This file was autogenerated by Stack.
# You should not edit this file by hand.
# For more information, please see the documentation at:
#   https://docs.haskellstack.org/en/stable/lock_files

packages:
- completed:
    hackage: dom-lt-0.2.3@sha256:89f17bbeb0d23f5a46fe7099b81cc9b4b5df32aadb5080fc171c874aafc802c0,1850
    pantry-tree:
      sha256: 7daf5082515248f0d0d0b7d164d079f970318e26d39f1ffd15519bd22bbe559a
      size: 442
  original:
    hackage: dom-lt-0.2.3
- completed:
    commit: 472222a6ba4a79bd29df3aff373657c30a943381
    git: git@github.com:ssrg-vt/hapstone.git
    name: hapstone
    pantry-tree:
      sha256: 238dbbc0db388ae9e39bce2d181578fd9cee32754a0959bbd493dd43f25c92f9
      size: 3670
    version: 0.5.0.3
  original:
    commit: 472222a6ba4a79bd29df3aff373657c30a943381
    git: git@github.com:ssrg-vt/hapstone.git
snapshots:
- completed:
    sha256: 4a0e5e187fbef423f9c60072bfb1dd56f2a01a07a2667eb1469bd79073cfceaf
    size: 713340
    url: https://raw.githubusercontent.com/commercialhaskell/stackage-snapshots/master/lts/22/20.yaml
  original: lts-22.20
