# This file was autogenerated by Stack.
# You should not edit this file by hand.
# For more information, please see the documentation at:
#   https://docs.haskellstack.org/en/stable/lock_files

packages:
- completed:
    hackage: argparser-0.3.4@sha256:f277e6d568e88f0698a0ce1f2dc719d90717ffe99c8622302f65389f2a8ed01c,1952
    pantry-tree:
      size: 1449
      sha256: 8c4dd60221760f9fdc9298baa72ff6cd4ed6ee32353141b04cf243d9286b314e
  original:
    hackage: argparser-0.3.4@sha256:f277e6d568e88f0698a0ce1f2dc719d90717ffe99c8622302f65389f2a8ed01c,1952
- completed:
    hackage: hapstone-0.2.0.1@sha256:56408898dece7c6360d6bd0ca943c428d811f1cbe7d1070ce69cd4382df5cc54,2824
    pantry-tree:
      size: 2503
      sha256: 187856d72181d64e9b48f44eeea19dafc627f71d7f279bcb2ab99dfa4f422170
  original:
    hackage: hapstone-0.2.0.1@sha256:56408898dece7c6360d6bd0ca943c428d811f1cbe7d1070ce69cd4382df5cc54,2824
- completed:
    hackage: dom-lt-0.2.3@sha256:89f17bbeb0d23f5a46fe7099b81cc9b4b5df32aadb5080fc171c874aafc802c0,1850
    pantry-tree:
      size: 442
      sha256: 7daf5082515248f0d0d0b7d164d079f970318e26d39f1ffd15519bd22bbe559a
  original:
    hackage: dom-lt-0.2.3@sha256:89f17bbeb0d23f5a46fe7099b81cc9b4b5df32aadb5080fc171c874aafc802c0,1850
- completed:
    hackage: elf-0.31@sha256:036e37ce966dddf691efba492dc632ae6472442f46fab4a1a797ed4f65c96f48,1382
    pantry-tree:
      size: 703
      sha256: 3f35f29d53a1b0c0ace078a0cc5ac126a3ddcd887b8442fa9d68592ff8492884
  original:
    hackage: elf-0.31@sha256:036e37ce966dddf691efba492dc632ae6472442f46fab4a1a797ed4f65c96f48,1382
snapshots:
- completed:
    size: 586292
    url: https://raw.githubusercontent.com/commercialhaskell/stackage-snapshots/master/lts/18/17.yaml
    sha256: e66e70a7f998036025e8f40abc89b8eeb79c88f57727020cba1b54f375aa7ca0
  original:
    url: https://raw.githubusercontent.com/commercialhaskell/stackage-snapshots/master/lts/18/17.yaml
